
Microsoft Visual Studio Solution File, Format Version 12.00
# Visual Studio 15
VisualStudioVersion = 15.0.28307.106
MinimumVisualStudioVersion = 10.0.40219.1
Project("{FAE04EC0-301F-11D3-BF4B-00C04F79EFBC}") = "WebBrowser", "WebBrowser\WebBrowser.csproj", "{7CAF61BE-7721-49BE-9C76-FFCBEB099F82}"
EndProject
Global
	GlobalSection(SolutionConfigurationPlatforms) = preSolution
		Debug|Any CPU = Debug|Any CPU
		Release|Any CPU = Release|Any CPU
	EndGlobalSection
	GlobalSection(ProjectConfigurationPlatforms) = postSolution
		{7CAF61BE-7721-49BE-9C76-FFCBEB099F82}.Debug|Any CPU.ActiveCfg = Debug|Any CPU
		{7CAF61BE-7721-49BE-9C76-FFCBEB099F82}.Debug|Any CPU.Build.0 = Debug|Any CPU
		{7CAF61BE-7721-49BE-9C76-FFCBEB099F82}.Release|Any CPU.ActiveCfg = Release|Any CPU
		{7CAF61BE-7721-49BE-9C76-FFCBEB099F82}.Release|Any CPU.Build.0 = Release|Any CPU
	EndGlobalSection
	GlobalSection(SolutionProperties) = preSolution
		HideSolutionNode = FALSE
	EndGlobalSection
	GlobalSection(ExtensibilityGlobals) = postSolution
		SolutionGuid = {DD0DAE17-7AFB-4418-86FC-0B69FE5292D1}
	EndGlobalSection
EndGlobal
